
Microsoft Visual Studio Solution File, Format Version 12.00
# Visual Studio 15
VisualStudioVersion = 15.0.27130.2010
MinimumVisualStudioVersion = 10.0.40219.1
Project("{FAE04EC0-301F-11D3-BF4B-00C04F79EFBC}") = "oop_learning", "oop_learning\oop_learning.csproj", "{EDCB9404-E660-41DB-B7BB-E1EC2352CB2A}"
EndProject
Global
	GlobalSection(SolutionConfigurationPlatforms) = preSolution
		Debug|Any CPU = Debug|Any CPU
		Release|Any CPU = Release|Any CPU
	EndGlobalSection
	GlobalSection(ProjectConfigurationPlatforms) = postSolution
		{EDCB9404-E660-41DB-B7BB-E1EC2352CB2A}.Debug|Any CPU.ActiveCfg = Debug|Any CPU
		{EDCB9404-E660-41DB-B7BB-E1EC2352CB2A}.Debug|Any CPU.Build.0 = Debug|Any CPU
		{EDCB9404-E660-41DB-B7BB-E1EC2352CB2A}.Release|Any CPU.ActiveCfg = Release|Any CPU
		{EDCB9404-E660-41DB-B7BB-E1EC2352CB2A}.Release|Any CPU.Build.0 = Release|Any CPU
	EndGlobalSection
	GlobalSection(SolutionProperties) = preSolution
		HideSolutionNode = FALSE
	EndGlobalSection
	GlobalSection(ExtensibilityGlobals) = postSolution
		SolutionGuid = {E72161C0-B34D-4C5D-B636-10F5E8D0DCB6}
	EndGlobalSection
EndGlobal
